
Microsoft Visual Studio Solution File, Format Version 12.00
# Visual Studio Version 16
VisualStudioVersion = 16.0.31112.23
MinimumVisualStudioVersion = 10.0.40219.1
Project("{9A19103F-16F7-4668-BE54-9A1E7A4F7556}") = "lab2_2ex", "lab22_2exe\lab2_2ex.csproj", "{C60BDD70-4970-4FD8-80A6-477F3957EBD8}"
EndProject
Global
	GlobalSection(SolutionConfigurationPlatforms) = preSolution
		Debug|Any CPU = Debug|Any CPU
		Release|Any CPU = Release|Any CPU
	EndGlobalSection
	GlobalSection(ProjectConfigurationPlatforms) = postSolution
		{C60BDD70-4970-4FD8-80A6-477F3957EBD8}.Debug|Any CPU.ActiveCfg = Debug|Any CPU
		{C60BDD70-4970-4FD8-80A6-477F3957EBD8}.Debug|Any CPU.Build.0 = Debug|Any CPU
		{C60BDD70-4970-4FD8-80A6-477F3957EBD8}.Release|Any CPU.ActiveCfg = Release|Any CPU
		{C60BDD70-4970-4FD8-80A6-477F3957EBD8}.Release|Any CPU.Build.0 = Release|Any CPU
	EndGlobalSection
	GlobalSection(SolutionProperties) = preSolution
		HideSolutionNode = FALSE
	EndGlobalSection
	GlobalSection(ExtensibilityGlobals) = postSolution
		SolutionGuid = {BCA09A9B-F3EA-498B-AD7A-64ECEAE7F37A}
	EndGlobalSection
EndGlobal
