
Microsoft Visual Studio Solution File, Format Version 12.00
# Visual Studio Version 16
VisualStudioVersion = 16.0.31205.134
MinimumVisualStudioVersion = 10.0.40219.1
Project("{FAE04EC0-301F-11D3-BF4B-00C04F79EFBC}") = "Lab1ComputerGraphics", "Lab1ComputerGraphics\Lab1ComputerGraphics.csproj", "{2BB7C50E-69A9-4223-8967-A73A1334A946}"
EndProject
Global
	GlobalSection(SolutionConfigurationPlatforms) = preSolution
		Debug|Any CPU = Debug|Any CPU
		Release|Any CPU = Release|Any CPU
	EndGlobalSection
	GlobalSection(ProjectConfigurationPlatforms) = postSolution
		{2BB7C50E-69A9-4223-8967-A73A1334A946}.Debug|Any CPU.ActiveCfg = Debug|Any CPU
		{2BB7C50E-69A9-4223-8967-A73A1334A946}.Debug|Any CPU.Build.0 = Debug|Any CPU
		{2BB7C50E-69A9-4223-8967-A73A1334A946}.Release|Any CPU.ActiveCfg = Release|Any CPU
		{2BB7C50E-69A9-4223-8967-A73A1334A946}.Release|Any CPU.Build.0 = Release|Any CPU
	EndGlobalSection
	GlobalSection(SolutionProperties) = preSolution
		HideSolutionNode = FALSE
	EndGlobalSection
	GlobalSection(ExtensibilityGlobals) = postSolution
		SolutionGuid = {1D11BBA0-08DD-479B-A5D1-FA222F786AE8}
	EndGlobalSection
EndGlobal
